
Microsoft Visual Studio Solution File, Format Version 12.00
# Visual Studio Version 17
VisualStudioVersion = 17.7.34202.233
MinimumVisualStudioVersion = 10.0.40219.1
Project("{FAE04EC0-301F-11D3-BF4B-00C04F79EFBC}") = "the-library", "the-library\the-library.csproj", "{0B428F37-749A-4F53-A56B-12FC32687C27}"
EndProject
Global
	GlobalSection(SolutionConfigurationPlatforms) = preSolution
		Debug|Any CPU = Debug|Any CPU
		Release|Any CPU = Release|Any CPU
	EndGlobalSection
	GlobalSection(ProjectConfigurationPlatforms) = postSolution
		{0B428F37-749A-4F53-A56B-12FC32687C27}.Debug|Any CPU.ActiveCfg = Debug|Any CPU
		{0B428F37-749A-4F53-A56B-12FC32687C27}.Debug|Any CPU.Build.0 = Debug|Any CPU
		{0B428F37-749A-4F53-A56B-12FC32687C27}.Release|Any CPU.ActiveCfg = Release|Any CPU
		{0B428F37-749A-4F53-A56B-12FC32687C27}.Release|Any CPU.Build.0 = Release|Any CPU
	EndGlobalSection
	GlobalSection(SolutionProperties) = preSolution
		HideSolutionNode = FALSE
	EndGlobalSection
	GlobalSection(ExtensibilityGlobals) = postSolution
		SolutionGuid = {4491D47C-65D2-42A8-985D-98F26E1965B4}
	EndGlobalSection
EndGlobal
